<?xml version="1.0" encoding="utf-8"?>
<Project ToolsVersion="4.0" xmlns="http://schemas.microsoft.com/developer/msbuild/2003">
  <ItemGroup>
    <ClCompile Include="src\main.cpp">
      <Filter>Source</Filter>
    </ClCompile>
    <ClCompile Include="src\UserData.cpp">
      <Filter>Source</Filter>
    </ClCompile>
    <ClCompile Include="src\UserTracking.cpp">
      <Filter>Source</Filter>
    </ClCompile>
    <ClCompile Include="src\KinectWrapper.cpp">
      <Filter>Source</Filter>
    </ClCompile>
    <ClCompile Include="src\Subject.cpp">
      <Filter>Source</Filter>
    </ClCompile>
    <ClCompile Include="src\Observer.cpp">
      <Filter>Source</Filter>
    </ClCompile>
    <ClCompile Include="src\SdlWindowDrawer.cpp">
      <Filter>Source</Filter>
    </ClCompile>
    <ClCompile Include="src\SdlWindow.cpp">
      <Filter>Source</Filter>
    </ClCompile>
    <ClCompile Include="src\DebugOverlayDrawer.cpp">
      <Filter>Source</Filter>
    </ClCompile>
    <ClCompile Include="src\FpsDrawer.cpp">
      <Filter>Source</Filter>
    </ClCompile>
    <ClCompile Include="src\VlcPlayer.cpp">
      <Filter>Source</Filter>
    </ClCompile>
    <ClCompile Include="src\UserDrawer.cpp">
      <Filter>Source</Filter>
    </ClCompile>
    <ClCompile Include="src\KinectApp.cpp">
      <Filter>Source</Filter>
    </ClCompile>
    <ClCompile Include="src\VlcRemote.cpp">
      <Filter>Source</Filter>
    </ClCompile>
  </ItemGroup>
  <ItemGroup>
    <ClInclude Include="src\Log.h">
      <Filter>Header</Filter>
    </ClInclude>
    <ClInclude Include="src\UserData.h">
      <Filter>Header</Filter>
    </ClInclude>
    <ClInclude Include="src\UserTracking.h">
      <Filter>Header</Filter>
    </ClInclude>
    <ClInclude Include="src\KinectWrapper.h">
      <Filter>Header</Filter>
    </ClInclude>
    <ClInclude Include="src\Observer.h">
      <Filter>Header</Filter>
    </ClInclude>
    <ClInclude Include="src\Subject.h">
      <Filter>Header</Filter>
    </ClInclude>
    <ClInclude Include="src\SDLWindow.h">
      <Filter>Header</Filter>
    </ClInclude>
    <ClInclude Include="src\SdlWindowDrawer.h">
      <Filter>Header</Filter>
    </ClInclude>
    <ClInclude Include="src\SdlWindow.h">
      <Filter>Headerdateien</Filter>
    </ClInclude>
    <ClInclude Include="src\DebugOverlayDrawer.h">
      <Filter>Header</Filter>
    </ClInclude>
    <ClInclude Include="src\FpsDrawer.h">
      <Filter>Header</Filter>
    </ClInclude>
    <ClInclude Include="src\VlcPlayer.h">
      <Filter>Header</Filter>
    </ClInclude>
    <ClInclude Include="src\UserDrawer.h">
      <Filter>Header</Filter>
    </ClInclude>
    <ClInclude Include="src\KinectApp.h">
      <Filter>Header</Filter>
    </ClInclude>
    <ClInclude Include="src\VlcRemote.h">
      <Filter>Header</Filter>
    </ClInclude>
  </ItemGroup>
  <ItemGroup>
    <Filter Include="Header">
      <UniqueIdentifier>{1ca1720c-af70-4c9e-9043-43359a7ac1de}</UniqueIdentifier>
    </Filter>
    <Filter Include="Source">
      <UniqueIdentifier>{b9ae44de-0e6a-4ff6-8407-57337b560d02}</UniqueIdentifier>
    </Filter>
  </ItemGroup>
</Project>